
Microsoft Visual Studio Solution File, Format Version 12.00
# Visual Studio Version 17
VisualStudioVersion = 17.0.32014.148
MinimumVisualStudioVersion = 10.0.40219.1
Project("{9A19103F-16F7-4668-BE54-9A1E7A4F7556}") = "Example", "example\Example.csproj", "{C9CE9D9F-EC04-4AA5-A08C-A01A7A098D06}"
EndProject
Project("{9A19103F-16F7-4668-BE54-9A1E7A4F7556}") = "BlazorECharts", "src\BlazorECharts.csproj", "{FC2F3712-F28C-4E0B-A22D-A6735618E85E}"
EndProject
Global
	GlobalSection(SolutionConfigurationPlatforms) = preSolution
		Debug|Any CPU = Debug|Any CPU
		Release|Any CPU = Release|Any CPU
	EndGlobalSection
	GlobalSection(ProjectConfigurationPlatforms) = postSolution
		{C9CE9D9F-EC04-4AA5-A08C-A01A7A098D06}.Debug|Any CPU.ActiveCfg = Debug|Any CPU
		{C9CE9D9F-EC04-4AA5-A08C-A01A7A098D06}.Debug|Any CPU.Build.0 = Debug|Any CPU
		{C9CE9D9F-EC04-4AA5-A08C-A01A7A098D06}.Release|Any CPU.ActiveCfg = Release|Any CPU
		{C9CE9D9F-EC04-4AA5-A08C-A01A7A098D06}.Release|Any CPU.Build.0 = Release|Any CPU
		{FC2F3712-F28C-4E0B-A22D-A6735618E85E}.Debug|Any CPU.ActiveCfg = Debug|Any CPU
		{FC2F3712-F28C-4E0B-A22D-A6735618E85E}.Debug|Any CPU.Build.0 = Debug|Any CPU
		{FC2F3712-F28C-4E0B-A22D-A6735618E85E}.Release|Any CPU.ActiveCfg = Release|Any CPU
		{FC2F3712-F28C-4E0B-A22D-A6735618E85E}.Release|Any CPU.Build.0 = Release|Any CPU
	EndGlobalSection
	GlobalSection(SolutionProperties) = preSolution
		HideSolutionNode = FALSE
	EndGlobalSection
	GlobalSection(ExtensibilityGlobals) = postSolution
		SolutionGuid = {30917C29-8D08-440E-B106-41A0D45BEBBF}
	EndGlobalSection
EndGlobal
